<?xml version="1.0" encoding="utf-8"?>
<Project ToolsVersion="4.0" xmlns="http://schemas.microsoft.com/developer/msbuild/2003">
  <ItemGroup>
    <Filter Include="Source Files">
      <UniqueIdentifier>{4FC737F1-C7A5-4376-A066-2A32D752A2FF}</UniqueIdentifier>
      <Extensions>cpp;c;cc;cxx;def;odl;idl;hpj;bat;asm;asmx</Extensions>
    </Filter>
    <Filter Include="Header Files">
      <UniqueIdentifier>{93995380-89BD-4b04-88EB-625FBE52EBFB}</UniqueIdentifier>
      <Extensions>h;hh;hpp;hxx;hm;inl;inc;xsd</Extensions>
    </Filter>
    <Filter Include="resources">
      <UniqueIdentifier>{e59ca814-9a9c-4c3c-94bf-6d2c21349cf3}</UniqueIdentifier>
    </Filter>
    <Filter Include="resources\texture">
      <UniqueIdentifier>{f5b62e38-da49-4540-87e1-e8f01c9811b6}</UniqueIdentifier>
    </Filter>
  </ItemGroup>
  <ItemGroup>
    <ClCompile Include="Application.cpp">
      <Filter>Source Files</Filter>
    </ClCompile>
    <ClCompile Include="..\..\..\..\..\Desktop\OpenGLStuff\lib\glad.c">
      <Filter>Source Files</Filter>
    </ClCompile>
    <ClCompile Include="stb_image.cpp">
      <Filter>Source Files</Filter>
    </ClCompile>
  </ItemGroup>
  <ItemGroup>
    <Text Include="Tutorials Followed.txt" />
  </ItemGroup>
  <ItemGroup>
    <ClInclude Include="shaderProgram.h">
      <Filter>Header Files</Filter>
    </ClInclude>
    <ClInclude Include="stb_image.h">
      <Filter>Header Files</Filter>
    </ClInclude>
  </ItemGroup>
  <ItemGroup>
    <None Include="vertexShader.vs">
      <Filter>Source Files</Filter>
    </None>
    <None Include="fragmentShader.fs">
      <Filter>Source Files</Filter>
    </None>
    <None Include="orangeFragmentShader.fs">
      <Filter>Source Files</Filter>
    </None>
    <None Include="basicVertexShader.vs">
      <Filter>Source Files</Filter>
    </None>
    <None Include="textureFragment.fs">
      <Filter>Source Files</Filter>
    </None>
    <None Include="rainbowTextureFragment.fs">
      <Filter>Source Files</Filter>
    </None>
  </ItemGroup>
  <ItemGroup>
    <Image Include="..\..\..\..\..\Pictures\container.jpg">
      <Filter>resources\texture</Filter>
    </Image>
    <Image Include="..\..\..\..\..\Downloads\Rainbow Circulation Example for 901a0a1.gif" />
  </ItemGroup>
</Project>